{
  "name": "BuildWise",
  "lockfileVersion": 3,
  "requires": true,
  "packages": {
    "": {
      "dependencies": {
        "chart.js": "^4.5.0",
        "chartjs-adapter-date-fns": "^3.0.0",
        "date-fns": "^4.1.0",
        "dayjs": "^1.11.13",
        "gantt-task-react": "^0.3.9",
        "react-chartjs-2": "^5.3.0"
      },
      "devDependencies": {
        "@types/chart.js": "^2.9.41",
        "@types/react-chartjs-2": "^2.0.2"
      }
    },
    "node_modules/@kurkle/color": {
      "version": "0.3.4",
      "resolved": "https://registry.npmjs.org/@kurkle/color/-/color-0.3.4.tgz",
      "integrity": "sha512-M5UknZPHRu3DEDWoipU6sE8PdkZ6Z/S+v4dD+Ke8IaNlpdSQah50lz1KtcFBa2vsdOnwbbnxJwVM4wty6udA5w==",
      "license": "MIT"
    },
    "node_modules/@types/chart.js": {
      "version": "2.9.41",
      "resolved": "https://registry.npmjs.org/@types/chart.js/-/chart.js-2.9.41.tgz",
      "integrity": "sha512-3dvkDvueckY83UyUXtJMalYoH6faOLkWQoaTlJgB4Djde3oORmNP0Jw85HtzTuXyliUHcdp704s0mZFQKio/KQ==",
      "dev": true,
      "license": "MIT",
      "dependencies": {
        "moment": "^2.10.2"
      }
    },
    "node_modules/@types/react": {
      "version": "19.1.8",
      "resolved": "https://registry.npmjs.org/@types/react/-/react-19.1.8.tgz",
      "integrity": "sha512-AwAfQ2Wa5bCx9WP8nZL2uMZWod7J7/JSplxbTmBQ5ms6QpqNYm672H0Vu9ZVKVngQ+ii4R/byguVEUZQyeg44g==",
      "dev": true,
      "license": "MIT",
      "dependencies": {
        "csstype": "^3.0.2"
      }
    },
    "node_modules/@types/react-chartjs-2": {
      "version": "2.0.2",
      "resolved": "https://registry.npmjs.org/@types/react-chartjs-2/-/react-chartjs-2-2.0.2.tgz",
      "integrity": "sha512-ejV5jkNMHk202sn6OEyt/AAnzaUm/j1WxVfQoTk2RwAtGbzirrO0EuAPnuyovBijZiSmC2Tla+hwq1jm+sN98A==",
      "dev": true,
      "license": "MIT",
      "dependencies": {
        "@types/chart.js": "*",
        "@types/react": "*"
      }
    },
    "node_modules/chart.js": {
      "version": "4.5.0",
      "resolved": "https://registry.npmjs.org/chart.js/-/chart.js-4.5.0.tgz",
      "integrity": "sha512-aYeC/jDgSEx8SHWZvANYMioYMZ2KX02W6f6uVfyteuCGcadDLcYVHdfdygsTQkQ4TKn5lghoojAsPj5pu0SnvQ==",
      "license": "MIT",
      "dependencies": {
        "@kurkle/color": "^0.3.0"
      },
      "engines": {
        "pnpm": ">=8"
      }
    },
    "node_modules/chartjs-adapter-date-fns": {
      "version": "3.0.0",
      "resolved": "https://registry.npmjs.org/chartjs-adapter-date-fns/-/chartjs-adapter-date-fns-3.0.0.tgz",
      "integrity": "sha512-Rs3iEB3Q5pJ973J93OBTpnP7qoGwvq3nUnoMdtxO+9aoJof7UFcRbWcIDteXuYd1fgAvct/32T9qaLyLuZVwCg==",
      "license": "MIT",
      "peerDependencies": {
        "chart.js": ">=2.8.0",
        "date-fns": ">=2.0.0"
      }
    },
    "node_modules/csstype": {
      "version": "3.1.3",
      "resolved": "https://registry.npmjs.org/csstype/-/csstype-3.1.3.tgz",
      "integrity": "sha512-M1uQkMl8rQK/szD0LNhtqxIPLpimGm8sOBwU7lLnCpSbTyY3yeU1Vc7l4KT5zT4s/yOxHH5O7tIuuLOCnLADRw==",
      "dev": true,
      "license": "MIT"
    },
    "node_modules/date-fns": {
      "version": "4.1.0",
      "resolved": "https://registry.npmjs.org/date-fns/-/date-fns-4.1.0.tgz",
      "integrity": "sha512-Ukq0owbQXxa/U3EGtsdVBkR1w7KOQ5gIBqdH2hkvknzZPYvBxb/aa6E8L7tmjFtkwZBu3UXBbjIgPo/Ez4xaNg==",
      "license": "MIT",
      "funding": {
        "type": "github",
        "url": "https://github.com/sponsors/kossnocorp"
      }
    },
    "node_modules/dayjs": {
      "version": "1.11.13",
      "resolved": "https://registry.npmjs.org/dayjs/-/dayjs-1.11.13.tgz",
      "integrity": "sha512-oaMBel6gjolK862uaPQOVTA7q3TZhuSvuMQAAglQDOWYO9A91IrAOUJEyKVlqJlHE0vq5p5UXxzdPfMH/x6xNg==",
      "license": "MIT"
    },
    "node_modules/gantt-task-react": {
      "version": "0.3.9",
      "resolved": "https://registry.npmjs.org/gantt-task-react/-/gantt-task-react-0.3.9.tgz",
      "integrity": "sha512-ged2OGrAJJ+ATrfVVkd4/8cUu4jOu1mXi0NaBeKx4uoGP6YhyryL+Snr2OY48AXdFelUAg7BbqylSej9X6PCCQ==",
      "license": "MIT",
      "engines": {
        "node": ">=10"
      },
      "peerDependencies": {
        "react": "^18.0.0"
      }
    },
    "node_modules/js-tokens": {
      "version": "4.0.0",
      "resolved": "https://registry.npmjs.org/js-tokens/-/js-tokens-4.0.0.tgz",
      "integrity": "sha512-RdJUflcE3cUzKiMqQgsCu06FPu9UdIJO0beYbPhHN4k6apgJtifcoCtT9bcxOpYBtpD2kCM6Sbzg4CausW/PKQ==",
      "license": "MIT",
      "peer": true
    },
    "node_modules/loose-envify": {
      "version": "1.4.0",
      "resolved": "https://registry.npmjs.org/loose-envify/-/loose-envify-1.4.0.tgz",
      "integrity": "sha512-lyuxPGr/Wfhrlem2CL/UcnUc1zcqKAImBDzukY7Y5F/yQiNdko6+fRLevlw1HgMySw7f611UIY408EtxRSoK3Q==",
      "license": "MIT",
      "peer": true,
      "dependencies": {
        "js-tokens": "^3.0.0 || ^4.0.0"
      },
      "bin": {
        "loose-envify": "cli.js"
      }
    },
    "node_modules/moment": {
      "version": "2.30.1",
      "resolved": "https://registry.npmjs.org/moment/-/moment-2.30.1.tgz",
      "integrity": "sha512-uEmtNhbDOrWPFS+hdjFCBfy9f2YoyzRpwcl+DqpC6taX21FzsTLQVbMV/W7PzNSX6x/bhC1zA3c2UQ5NzH6how==",
      "dev": true,
      "license": "MIT",
      "engines": {
        "node": "*"
      }
    },
    "node_modules/react": {
      "version": "18.3.1",
      "resolved": "https://registry.npmjs.org/react/-/react-18.3.1.tgz",
      "integrity": "sha512-wS+hAgJShR0KhEvPJArfuPVN1+Hz1t0Y6n5jLrGQbkb4urgPE/0Rve+1kMB1v/oWgHgm4WIcV+i7F2pTVj+2iQ==",
      "license": "MIT",
      "peer": true,
      "dependencies": {
        "loose-envify": "^1.1.0"
      },
      "engines": {
        "node": ">=0.10.0"
      }
    },
    "node_modules/react-chartjs-2": {
      "version": "5.3.0",
      "resolved": "https://registry.npmjs.org/react-chartjs-2/-/react-chartjs-2-5.3.0.tgz",
      "integrity": "sha512-UfZZFnDsERI3c3CZGxzvNJd02SHjaSJ8kgW1djn65H1KK8rehwTjyrRKOG3VTMG8wtHZ5rgAO5oTHtHi9GCCmw==",
      "license": "MIT",
      "peerDependencies": {
        "chart.js": "^4.1.1",
        "react": "^16.8.0 || ^17.0.0 || ^18.0.0 || ^19.0.0"
      }
    }
  }
}
